
Microsoft Visual Studio Solution File, Format Version 12.00
# Visual Studio 15
Project("{FAE04EC0-301F-11D3-BF4B-00C04F79EFBC}") = "Boxophobic.Utils.Editor", "Boxophobic.Utils.Editor.csproj", "{58543EB7-9875-9CBC-3137-B9684F0A12BD}"
EndProject
Project("{FAE04EC0-301F-11D3-BF4B-00C04F79EFBC}") = "Boxophobic.Utils.Scripts", "Boxophobic.Utils.Scripts.csproj", "{6DA547C9-83D5-AC0E-5BDB-6788F99AF5D3}"
EndProject
Project("{FAE04EC0-301F-11D3-BF4B-00C04F79EFBC}") = "Boxophobic.SkyboxCubemapExtended.Editor", "Boxophobic.SkyboxCubemapExtended.Editor.csproj", "{58517FA9-F9AD-814B-1572-A7941F3602B5}"
EndProject
Project("{FAE04EC0-301F-11D3-BF4B-00C04F79EFBC}") = "Assembly-CSharp", "Assembly-CSharp.csproj", "{2DB6D5B2-5FC0-3B02-99BE-E3340C0EC0C5}"
EndProject
Project("{FAE04EC0-301F-11D3-BF4B-00C04F79EFBC}") = "Assembly-CSharp-Editor", "Assembly-CSharp-Editor.csproj", "{0AC6983C-DEC3-32EE-D7B8-1EFF469DFA03}"
EndProject
Global
	GlobalSection(SolutionConfigurationPlatforms) = preSolution
		Debug|Any CPU = Debug|Any CPU
		Release|Any CPU = Release|Any CPU
	EndGlobalSection
	GlobalSection(ProjectConfigurationPlatforms) = postSolution
		{58543EB7-9875-9CBC-3137-B9684F0A12BD}.Debug|Any CPU.ActiveCfg = Debug|Any CPU
		{58543EB7-9875-9CBC-3137-B9684F0A12BD}.Debug|Any CPU.Build.0 = Debug|Any CPU
		{58543EB7-9875-9CBC-3137-B9684F0A12BD}.Release|Any CPU.ActiveCfg = Release|Any CPU
		{58543EB7-9875-9CBC-3137-B9684F0A12BD}.Release|Any CPU.Build.0 = Release|Any CPU
		{6DA547C9-83D5-AC0E-5BDB-6788F99AF5D3}.Debug|Any CPU.ActiveCfg = Debug|Any CPU
		{6DA547C9-83D5-AC0E-5BDB-6788F99AF5D3}.Debug|Any CPU.Build.0 = Debug|Any CPU
		{6DA547C9-83D5-AC0E-5BDB-6788F99AF5D3}.Release|Any CPU.ActiveCfg = Release|Any CPU
		{6DA547C9-83D5-AC0E-5BDB-6788F99AF5D3}.Release|Any CPU.Build.0 = Release|Any CPU
		{58517FA9-F9AD-814B-1572-A7941F3602B5}.Debug|Any CPU.ActiveCfg = Debug|Any CPU
		{58517FA9-F9AD-814B-1572-A7941F3602B5}.Debug|Any CPU.Build.0 = Debug|Any CPU
		{58517FA9-F9AD-814B-1572-A7941F3602B5}.Release|Any CPU.ActiveCfg = Release|Any CPU
		{58517FA9-F9AD-814B-1572-A7941F3602B5}.Release|Any CPU.Build.0 = Release|Any CPU
		{2DB6D5B2-5FC0-3B02-99BE-E3340C0EC0C5}.Debug|Any CPU.ActiveCfg = Debug|Any CPU
		{2DB6D5B2-5FC0-3B02-99BE-E3340C0EC0C5}.Debug|Any CPU.Build.0 = Debug|Any CPU
		{2DB6D5B2-5FC0-3B02-99BE-E3340C0EC0C5}.Release|Any CPU.ActiveCfg = Release|Any CPU
		{2DB6D5B2-5FC0-3B02-99BE-E3340C0EC0C5}.Release|Any CPU.Build.0 = Release|Any CPU
		{0AC6983C-DEC3-32EE-D7B8-1EFF469DFA03}.Debug|Any CPU.ActiveCfg = Debug|Any CPU
		{0AC6983C-DEC3-32EE-D7B8-1EFF469DFA03}.Debug|Any CPU.Build.0 = Debug|Any CPU
		{0AC6983C-DEC3-32EE-D7B8-1EFF469DFA03}.Release|Any CPU.ActiveCfg = Release|Any CPU
		{0AC6983C-DEC3-32EE-D7B8-1EFF469DFA03}.Release|Any CPU.Build.0 = Release|Any CPU
	EndGlobalSection
	GlobalSection(SolutionProperties) = preSolution
		HideSolutionNode = FALSE
	EndGlobalSection
EndGlobal
